# This file is automatically @generated by Cargo.
# It is not intended for manual editing.
version = 4

[[package]]
name = "cc-wired"
version = "0.1.0"
dependencies = [
 "cc-wired-client",
 "cc-wired-server",
]

[[package]]
name = "cc-wired-client"
version = "0.1.0"

[[package]]
name = "cc-wired-server"
version = "0.1.0"
